<?xml version="1.0" encoding="utf-8"?>
<Project ToolsVersion="17.0" xmlns="http://schemas.microsoft.com/developer/msbuild/2003">
  <ItemGroup>
    <CustomBuild Include="C:\dev\Vulkan\vulkan-hdr-demo\CMakeFiles\770f02170383883a9e9c9c4a16edeecd\glsl_shaders.rule">
      <Filter>CMake Rules</Filter>
    </CustomBuild>
    <CustomBuild Include="C:\dev\Vulkan\vulkan-hdr-demo\CMakeLists.txt" />
  </ItemGroup>
  <ItemGroup>
    <None Include="C:\dev\Vulkan\vulkan-hdr-demo\CMakeFiles\glsl_shaders" />
  </ItemGroup>
  <ItemGroup>
    <Filter Include="CMake Rules">
      <UniqueIdentifier>{7DF57636-0737-3584-8A7D-3E1BC54CBDD9}</UniqueIdentifier>
    </Filter>
  </ItemGroup>
</Project>
