<?xml version="1.0" encoding="utf-8"?>
<Project ToolsVersion="17.0" xmlns="http://schemas.microsoft.com/developer/msbuild/2003">
  <ItemGroup>
    <ClCompile Include="C:\dev\Vulkan\vulkan-hdr-demo\CMakeFiles\vkdemo.dir\cmake_pch.cxx">
      <Filter>Source Files</Filter>
    </ClCompile>
    <ClCompile Include="C:\dev\Vulkan\vulkan-hdr-demo\src\Camera.cpp">
      <Filter>Source Files</Filter>
    </ClCompile>
    <ClCompile Include="C:\dev\Vulkan\vulkan-hdr-demo\src\Enigne.cpp">
      <Filter>Source Files</Filter>
    </ClCompile>
    <ClCompile Include="C:\dev\Vulkan\vulkan-hdr-demo\src\Mesh.cpp">
      <Filter>Source Files</Filter>
    </ClCompile>
    <ClCompile Include="C:\dev\Vulkan\vulkan-hdr-demo\src\debug.cpp">
      <Filter>Source Files</Filter>
    </ClCompile>
    <ClCompile Include="C:\dev\Vulkan\vulkan-hdr-demo\src\device.cpp">
      <Filter>Source Files</Filter>
    </ClCompile>
    <ClCompile Include="C:\dev\Vulkan\vulkan-hdr-demo\src\draw.cpp">
      <Filter>Source Files</Filter>
    </ClCompile>
    <ClCompile Include="C:\dev\Vulkan\vulkan-hdr-demo\src\frame_data.cpp">
      <Filter>Source Files</Filter>
    </ClCompile>
    <ClCompile Include="C:\dev\Vulkan\vulkan-hdr-demo\src\framebuffer.cpp">
      <Filter>Source Files</Filter>
    </ClCompile>
    <ClCompile Include="C:\dev\Vulkan\vulkan-hdr-demo\src\image_view.cpp">
      <Filter>Source Files</Filter>
    </ClCompile>
    <ClCompile Include="C:\dev\Vulkan\vulkan-hdr-demo\src\instance.cpp">
      <Filter>Source Files</Filter>
    </ClCompile>
    <ClCompile Include="C:\dev\Vulkan\vulkan-hdr-demo\src\main.cpp">
      <Filter>Source Files</Filter>
    </ClCompile>
    <ClCompile Include="C:\dev\Vulkan\vulkan-hdr-demo\src\memory.cpp">
      <Filter>Source Files</Filter>
    </ClCompile>
    <ClCompile Include="C:\dev\Vulkan\vulkan-hdr-demo\src\physical_device.cpp">
      <Filter>Source Files</Filter>
    </ClCompile>
    <ClCompile Include="C:\dev\Vulkan\vulkan-hdr-demo\src\pipeline.cpp">
      <Filter>Source Files</Filter>
    </ClCompile>
    <ClCompile Include="C:\dev\Vulkan\vulkan-hdr-demo\src\render.cpp">
      <Filter>Source Files</Filter>
    </ClCompile>
    <ClCompile Include="C:\dev\Vulkan\vulkan-hdr-demo\src\renderpass.cpp">
      <Filter>Source Files</Filter>
    </ClCompile>
    <ClCompile Include="C:\dev\Vulkan\vulkan-hdr-demo\src\shader.cpp">
      <Filter>Source Files</Filter>
    </ClCompile>
    <ClCompile Include="C:\dev\Vulkan\vulkan-hdr-demo\src\swapchain.cpp">
      <Filter>Source Files</Filter>
    </ClCompile>
    <ClCompile Include="C:\dev\Vulkan\vulkan-hdr-demo\src\textures.cpp">
      <Filter>Source Files</Filter>
    </ClCompile>
    <ClCompile Include="C:\dev\Vulkan\vulkan-hdr-demo\src\tinyobj_impl.cpp">
      <Filter>Source Files</Filter>
    </ClCompile>
    <ClCompile Include="C:\dev\Vulkan\vulkan-hdr-demo\src\types.cpp">
      <Filter>Source Files</Filter>
    </ClCompile>
    <ClCompile Include="C:\dev\Vulkan\vulkan-hdr-demo\src\vk_initializers.cpp">
      <Filter>Source Files</Filter>
    </ClCompile>
    <ClCompile Include="C:\dev\Vulkan\vulkan-hdr-demo\src\vk_pipeline_builder.cpp">
      <Filter>Source Files</Filter>
    </ClCompile>
    <ClCompile Include="C:\dev\Vulkan\vulkan-hdr-demo\src\vma_impl.cpp">
      <Filter>Source Files</Filter>
    </ClCompile>
    <ClCompile Include="C:\dev\Vulkan\vulkan-hdr-demo\src\window.cpp">
      <Filter>Source Files</Filter>
    </ClCompile>
  </ItemGroup>
  <ItemGroup>
    <ClInclude Include="C:\dev\Vulkan\vulkan-hdr-demo\src\Camera.h">
      <Filter>Header Files</Filter>
    </ClInclude>
    <ClInclude Include="C:\dev\Vulkan\vulkan-hdr-demo\src\Engine.h">
      <Filter>Header Files</Filter>
    </ClInclude>
    <ClInclude Include="C:\dev\Vulkan\vulkan-hdr-demo\src\Mesh.h">
      <Filter>Header Files</Filter>
    </ClInclude>
    <ClInclude Include="C:\dev\Vulkan\vulkan-hdr-demo\src\defs.h">
      <Filter>Header Files</Filter>
    </ClInclude>
    <ClInclude Include="C:\dev\Vulkan\vulkan-hdr-demo\src\memory.h">
      <Filter>Header Files</Filter>
    </ClInclude>
    <ClInclude Include="C:\dev\Vulkan\vulkan-hdr-demo\src\pipeline.h">
      <Filter>Header Files</Filter>
    </ClInclude>
    <ClInclude Include="C:\dev\Vulkan\vulkan-hdr-demo\src\render.h">
      <Filter>Header Files</Filter>
    </ClInclude>
    <ClInclude Include="C:\dev\Vulkan\vulkan-hdr-demo\src\shader.h">
      <Filter>Header Files</Filter>
    </ClInclude>
    <ClInclude Include="C:\dev\Vulkan\vulkan-hdr-demo\src\stdafx.h">
      <Filter>Header Files</Filter>
    </ClInclude>
    <ClInclude Include="C:\dev\Vulkan\vulkan-hdr-demo\src\textures.h">
      <Filter>Header Files</Filter>
    </ClInclude>
    <ClInclude Include="C:\dev\Vulkan\vulkan-hdr-demo\src\types.h">
      <Filter>Header Files</Filter>
    </ClInclude>
    <ClInclude Include="C:\dev\Vulkan\vulkan-hdr-demo\src\vk_initializers.h">
      <Filter>Header Files</Filter>
    </ClInclude>
    <ClInclude Include="C:\dev\Vulkan\vulkan-hdr-demo\src\vk_pipeline_builder.h">
      <Filter>Header Files</Filter>
    </ClInclude>
    <ClInclude Include="C:\dev\Vulkan\vulkan-hdr-demo\CMakeFiles\vkdemo.dir\Debug\cmake_pch.hxx">
      <Filter>Precompile Header File</Filter>
    </ClInclude>
    <ClInclude Include="C:\dev\Vulkan\vulkan-hdr-demo\CMakeFiles\vkdemo.dir\Release\cmake_pch.hxx">
      <Filter>Precompile Header File</Filter>
    </ClInclude>
    <ClInclude Include="C:\dev\Vulkan\vulkan-hdr-demo\CMakeFiles\vkdemo.dir\MinSizeRel\cmake_pch.hxx">
      <Filter>Precompile Header File</Filter>
    </ClInclude>
    <ClInclude Include="C:\dev\Vulkan\vulkan-hdr-demo\CMakeFiles\vkdemo.dir\RelWithDebInfo\cmake_pch.hxx">
      <Filter>Precompile Header File</Filter>
    </ClInclude>
  </ItemGroup>
  <ItemGroup>
    <CustomBuild Include="C:\dev\Vulkan\vulkan-hdr-demo\CMakeLists.txt" />
  </ItemGroup>
  <ItemGroup>
    <Filter Include="Header Files">
      <UniqueIdentifier>{4804789A-6D5D-3E7B-B114-9F39AC1008EB}</UniqueIdentifier>
    </Filter>
    <Filter Include="Precompile Header File">
      <UniqueIdentifier>{7F20D63D-CDDB-3527-8CDC-A058E2C71306}</UniqueIdentifier>
    </Filter>
    <Filter Include="Source Files">
      <UniqueIdentifier>{B99B4FD1-3585-3D57-85BA-EB0519A1DD52}</UniqueIdentifier>
    </Filter>
  </ItemGroup>
</Project>
